
Microsoft Visual Studio Solution File, Format Version 12.00
# Visual Studio 15
Project("{FAE04EC0-301F-11D3-BF4B-00C04F79EFBC}") = "Assembly-CSharp", "Assembly-CSharp.csproj", "{CE9562D2-9793-2B07-35E5-812CAD68390C}"
EndProject
Project("{FAE04EC0-301F-11D3-BF4B-00C04F79EFBC}") = "Assembly-CSharp-firstpass", "Assembly-CSharp-firstpass.csproj", "{EC796C5F-9DA3-CC71-8FA8-F226AB9CBC11}"
EndProject
Project("{FAE04EC0-301F-11D3-BF4B-00C04F79EFBC}") = "Assembly-CSharp-Editor-firstpass", "Assembly-CSharp-Editor-firstpass.csproj", "{1A9C0D72-6F2F-6D45-74B1-E39621F77AC7}"
EndProject
Global
	GlobalSection(SolutionConfigurationPlatforms) = preSolution
		Debug|Any CPU = Debug|Any CPU
		Release|Any CPU = Release|Any CPU
	EndGlobalSection
	GlobalSection(ProjectConfigurationPlatforms) = postSolution
		{CE9562D2-9793-2B07-35E5-812CAD68390C}.Debug|Any CPU.ActiveCfg = Debug|Any CPU
		{CE9562D2-9793-2B07-35E5-812CAD68390C}.Debug|Any CPU.Build.0 = Debug|Any CPU
		{CE9562D2-9793-2B07-35E5-812CAD68390C}.Release|Any CPU.ActiveCfg = Release|Any CPU
		{CE9562D2-9793-2B07-35E5-812CAD68390C}.Release|Any CPU.Build.0 = Release|Any CPU
		{EC796C5F-9DA3-CC71-8FA8-F226AB9CBC11}.Debug|Any CPU.ActiveCfg = Debug|Any CPU
		{EC796C5F-9DA3-CC71-8FA8-F226AB9CBC11}.Debug|Any CPU.Build.0 = Debug|Any CPU
		{EC796C5F-9DA3-CC71-8FA8-F226AB9CBC11}.Release|Any CPU.ActiveCfg = Release|Any CPU
		{EC796C5F-9DA3-CC71-8FA8-F226AB9CBC11}.Release|Any CPU.Build.0 = Release|Any CPU
		{1A9C0D72-6F2F-6D45-74B1-E39621F77AC7}.Debug|Any CPU.ActiveCfg = Debug|Any CPU
		{1A9C0D72-6F2F-6D45-74B1-E39621F77AC7}.Debug|Any CPU.Build.0 = Debug|Any CPU
		{1A9C0D72-6F2F-6D45-74B1-E39621F77AC7}.Release|Any CPU.ActiveCfg = Release|Any CPU
		{1A9C0D72-6F2F-6D45-74B1-E39621F77AC7}.Release|Any CPU.Build.0 = Release|Any CPU
	EndGlobalSection
	GlobalSection(SolutionProperties) = preSolution
		HideSolutionNode = FALSE
	EndGlobalSection
EndGlobal
